
Microsoft Visual Studio Solution File, Format Version 12.00
# Visual Studio Version 17
VisualStudioVersion = 17.7.33906.173
MinimumVisualStudioVersion = 10.0.40219.1
Project("{9A19103F-16F7-4668-BE54-9A1E7A4F7556}") = "BulkyBookWeb", "BulkyWeb\BulkyBookWeb.csproj", "{64E80A84-FB58-45F3-A3FB-6457A06FC7D3}"
EndProject
Project("{9A19103F-16F7-4668-BE54-9A1E7A4F7556}") = "BulkyBook.DataAccess", "Bulky.DataAccess\BulkyBook.DataAccess.csproj", "{2BD5C38B-F81A-4572-B9C7-A6C3CAE20229}"
EndProject
Project("{9A19103F-16F7-4668-BE54-9A1E7A4F7556}") = "BulkyBook.Models", "Bulky.Models\BulkyBook.Models.csproj", "{89EA09D3-7FD1-44CE-85C6-7343BF9E111C}"
EndProject
Project("{9A19103F-16F7-4668-BE54-9A1E7A4F7556}") = "BulkyBook.Utility", "Bulky.Utility\BulkyBook.Utility.csproj", "{3284258D-B2C3-4838-B134-1FE3500AC90C}"
EndProject
Project("{9A19103F-16F7-4668-BE54-9A1E7A4F7556}") = "BulkyBook.Test", "BulkyBook.Test\BulkyBook.Test.csproj", "{3C5F02E5-FBAC-44E8-98CD-78D2B32196C9}"
EndProject
Project("{E53339B2-1760-4266-BCC7-CA923CBCF16C}") = "docker-compose", "docker-compose.dcproj", "{0BD36789-BDA7-4BD6-9FF9-74236EC4A559}"
EndProject
Global
	GlobalSection(SolutionConfigurationPlatforms) = preSolution
		Debug|Any CPU = Debug|Any CPU
		Release|Any CPU = Release|Any CPU
	EndGlobalSection
	GlobalSection(ProjectConfigurationPlatforms) = postSolution
		{64E80A84-FB58-45F3-A3FB-6457A06FC7D3}.Debug|Any CPU.ActiveCfg = Debug|Any CPU
		{64E80A84-FB58-45F3-A3FB-6457A06FC7D3}.Debug|Any CPU.Build.0 = Debug|Any CPU
		{64E80A84-FB58-45F3-A3FB-6457A06FC7D3}.Release|Any CPU.ActiveCfg = Release|Any CPU
		{64E80A84-FB58-45F3-A3FB-6457A06FC7D3}.Release|Any CPU.Build.0 = Release|Any CPU
		{2BD5C38B-F81A-4572-B9C7-A6C3CAE20229}.Debug|Any CPU.ActiveCfg = Debug|Any CPU
		{2BD5C38B-F81A-4572-B9C7-A6C3CAE20229}.Debug|Any CPU.Build.0 = Debug|Any CPU
		{2BD5C38B-F81A-4572-B9C7-A6C3CAE20229}.Release|Any CPU.ActiveCfg = Release|Any CPU
		{2BD5C38B-F81A-4572-B9C7-A6C3CAE20229}.Release|Any CPU.Build.0 = Release|Any CPU
		{89EA09D3-7FD1-44CE-85C6-7343BF9E111C}.Debug|Any CPU.ActiveCfg = Debug|Any CPU
		{89EA09D3-7FD1-44CE-85C6-7343BF9E111C}.Debug|Any CPU.Build.0 = Debug|Any CPU
		{89EA09D3-7FD1-44CE-85C6-7343BF9E111C}.Release|Any CPU.ActiveCfg = Release|Any CPU
		{89EA09D3-7FD1-44CE-85C6-7343BF9E111C}.Release|Any CPU.Build.0 = Release|Any CPU
		{3284258D-B2C3-4838-B134-1FE3500AC90C}.Debug|Any CPU.ActiveCfg = Debug|Any CPU
		{3284258D-B2C3-4838-B134-1FE3500AC90C}.Debug|Any CPU.Build.0 = Debug|Any CPU
		{3284258D-B2C3-4838-B134-1FE3500AC90C}.Release|Any CPU.ActiveCfg = Release|Any CPU
		{3284258D-B2C3-4838-B134-1FE3500AC90C}.Release|Any CPU.Build.0 = Release|Any CPU
		{3C5F02E5-FBAC-44E8-98CD-78D2B32196C9}.Debug|Any CPU.ActiveCfg = Debug|Any CPU
		{3C5F02E5-FBAC-44E8-98CD-78D2B32196C9}.Debug|Any CPU.Build.0 = Debug|Any CPU
		{3C5F02E5-FBAC-44E8-98CD-78D2B32196C9}.Release|Any CPU.ActiveCfg = Release|Any CPU
		{3C5F02E5-FBAC-44E8-98CD-78D2B32196C9}.Release|Any CPU.Build.0 = Release|Any CPU
		{0BD36789-BDA7-4BD6-9FF9-74236EC4A559}.Debug|Any CPU.ActiveCfg = Debug|Any CPU
		{0BD36789-BDA7-4BD6-9FF9-74236EC4A559}.Debug|Any CPU.Build.0 = Debug|Any CPU
		{0BD36789-BDA7-4BD6-9FF9-74236EC4A559}.Release|Any CPU.ActiveCfg = Release|Any CPU
		{0BD36789-BDA7-4BD6-9FF9-74236EC4A559}.Release|Any CPU.Build.0 = Release|Any CPU
	EndGlobalSection
	GlobalSection(SolutionProperties) = preSolution
		HideSolutionNode = FALSE
	EndGlobalSection
	GlobalSection(ExtensibilityGlobals) = postSolution
		SolutionGuid = {232F29FC-B560-4F73-8CAF-F902094BE775}
	EndGlobalSection
EndGlobal
